// !$*UTF8*$!
{
	archiveVersion = 1;
	classes = {
	};
	objectVersion = 46;
	objects = {

/* Begin PBXBuildFile section */
		ECD0F4261C16F73400262128 /* AppDelegate.swift in Sources */ = {isa = PBXBuildFile; fileRef = ECD0F4251C16F73400262128 /* AppDelegate.swift */; };
		ECD0F4281C16F73400262128 /* ViewController.swift in Sources */ = {isa = PBXBuildFile; fileRef = ECD0F4271C16F73400262128 /* ViewController.swift */; };
		ECD0F42B1C16F73400262128 /* Main.storyboard in Resources */ = {isa = PBXBuildFile; fileRef = ECD0F4291C16F73400262128 /* Main.storyboard */; };
		ECD0F42D1C16F73400262128 /* Assets.xcassets in Resources */ = {isa = PBXBuildFile; fileRef = ECD0F42C1C16F73400262128 /* Assets.xcassets */; };
		ECD0F4301C16F73400262128 /* LaunchScreen.storyboard in Resources */ = {isa = PBXBuildFile; fileRef = ECD0F42E1C16F73400262128 /* LaunchScreen.storyboard */; };
		ECD0F43B1C16F73400262128 /* MalayalamKeyboardTests.swift in Sources */ = {isa = PBXBuildFile; fileRef = ECD0F43A1C16F73400262128 /* MalayalamKeyboardTests.swift */; };
		ECD0F4461C16F73400262128 /* MalayalamKeyboardUITests.swift in Sources */ = {isa = PBXBuildFile; fileRef = ECD0F4451C16F73400262128 /* MalayalamKeyboardUITests.swift */; };
		ECD0F45E1C16F7E200262128 /* Manglish.appex in Embed App Extensions */ = {isa = PBXBuildFile; fileRef = ECD0F4571C16F7E200262128 /* Manglish.appex */; settings = {ATTRIBUTES = (RemoveHeadersOnCopy, ); }; };
		ECD0F46C1C170CFB00262128 /* KeyboardViewController.swift in Sources */ = {isa = PBXBuildFile; fileRef = ECD0F4681C170CFB00262128 /* KeyboardViewController.swift */; };
		ECD0F46D1C170CFC00262128 /* KeyboardInputTraits.swift in Sources */ = {isa = PBXBuildFile; fileRef = ECD0F4691C170CFB00262128 /* KeyboardInputTraits.swift */; };
		ECD0F46E1C170CFC00262128 /* KeyboardLayout.swift in Sources */ = {isa = PBXBuildFile; fileRef = ECD0F46A1C170CFB00262128 /* KeyboardLayout.swift */; };
		ECD0F46F1C170CFC00262128 /* ForwardingView.swift in Sources */ = {isa = PBXBuildFile; fileRef = ECD0F46B1C170CFB00262128 /* ForwardingView.swift */; };
		ECD0F4731C170D0900262128 /* KeyboardModel.swift in Sources */ = {isa = PBXBuildFile; fileRef = ECD0F4701C170D0900262128 /* KeyboardModel.swift */; };
		ECD0F4741C170D0900262128 /* DefaultKeyboard.swift in Sources */ = {isa = PBXBuildFile; fileRef = ECD0F4711C170D0900262128 /* DefaultKeyboard.swift */; };
		ECD0F4751C170D0900262128 /* DirectionEnum.swift in Sources */ = {isa = PBXBuildFile; fileRef = ECD0F4721C170D0900262128 /* DirectionEnum.swift */; };
		ECD0F47E1C170D1A00262128 /* KeyboardKey.swift in Sources */ = {isa = PBXBuildFile; fileRef = ECD0F4761C170D1A00262128 /* KeyboardKey.swift */; };
		ECD0F47F1C170D1A00262128 /* ImageKey.swift in Sources */ = {isa = PBXBuildFile; fileRef = ECD0F4771C170D1A00262128 /* ImageKey.swift */; };
		ECD0F4801C170D1A00262128 /* KeyboardKeyBackground.swift in Sources */ = {isa = PBXBuildFile; fileRef = ECD0F4781C170D1A00262128 /* KeyboardKeyBackground.swift */; };
		ECD0F4811C170D1A00262128 /* KeyboardConnector.swift in Sources */ = {isa = PBXBuildFile; fileRef = ECD0F4791C170D1A00262128 /* KeyboardConnector.swift */; };
		ECD0F4821C170D1A00262128 /* ExtraView.swift in Sources */ = {isa = PBXBuildFile; fileRef = ECD0F47A1C170D1A00262128 /* ExtraView.swift */; };
		ECD0F4831C170D1A00262128 /* DefaultSettings.swift in Sources */ = {isa = PBXBuildFile; fileRef = ECD0F47B1C170D1A00262128 /* DefaultSettings.swift */; };
		ECD0F4841C170D1A00262128 /* DefaultSettings.xib in Resources */ = {isa = PBXBuildFile; fileRef = ECD0F47C1C170D1A00262128 /* DefaultSettings.xib */; };
		ECD0F4851C170D1A00262128 /* Shapes.swift in Sources */ = {isa = PBXBuildFile; fileRef = ECD0F47D1C170D1A00262128 /* Shapes.swift */; };
		ECD0F4891C170D2E00262128 /* Utilities.swift in Sources */ = {isa = PBXBuildFile; fileRef = ECD0F4861C170D2E00262128 /* Utilities.swift */; };
		ECD0F48A1C170D2E00262128 /* Catboard.swift in Sources */ = {isa = PBXBuildFile; fileRef = ECD0F4871C170D2E00262128 /* Catboard.swift */; };
		ECD0F48B1C170D2E00262128 /* CatboardBanner.swift in Sources */ = {isa = PBXBuildFile; fileRef = ECD0F4881C170D2E00262128 /* CatboardBanner.swift */; };
		ECD0F48F1C1754B200262128 /* Media.xcassets in Resources */ = {isa = PBXBuildFile; fileRef = ECD0F48E1C1754B200262128 /* Media.xcassets */; };
		ECD0F4911C1757AA00262128 /* ManglishKeyboard.swift in Sources */ = {isa = PBXBuildFile; fileRef = ECD0F4901C1757AA00262128 /* ManglishKeyboard.swift */; };
		ECD0F4951C17610000262128 /* Translator.swift in Sources */ = {isa = PBXBuildFile; fileRef = ECD0F4941C17610000262128 /* Translator.swift */; };
		ECD0F4991C17614400262128 /* mal_words.txt in Resources */ = {isa = PBXBuildFile; fileRef = ECD0F4981C17614400262128 /* mal_words.txt */; };
		ECF998B31C1D572C005DCEE2 /* TOMSSuggestionBar.m in Sources */ = {isa = PBXBuildFile; fileRef = ECF998A61C1D572C005DCEE2 /* TOMSSuggestionBar.m */; };
		ECF998B41C1D572C005DCEE2 /* TOMSSuggestionBarCell.m in Sources */ = {isa = PBXBuildFile; fileRef = ECF998A81C1D572C005DCEE2 /* TOMSSuggestionBarCell.m */; };
		ECF998B51C1D572C005DCEE2 /* TOMSSuggestionBarController.m in Sources */ = {isa = PBXBuildFile; fileRef = ECF998AA1C1D572C005DCEE2 /* TOMSSuggestionBarController.m */; };
		ECF998B61C1D572C005DCEE2 /* TOMSSuggestionBarLayout.m in Sources */ = {isa = PBXBuildFile; fileRef = ECF998AC1C1D572C005DCEE2 /* TOMSSuggestionBarLayout.m */; };
		ECF998B71C1D572C005DCEE2 /* TOMSSuggestionBarView.m in Sources */ = {isa = PBXBuildFile; fileRef = ECF998AE1C1D572C005DCEE2 /* TOMSSuggestionBarView.m */; };
		ECF998B81C1D572C005DCEE2 /* UIControl+TOMSSuggestionBar.m in Sources */ = {isa = PBXBuildFile; fileRef = ECF998B21C1D572C005DCEE2 /* UIControl+TOMSSuggestionBar.m */; };
		ECF998C11C1D576A005DCEE2 /* NSString+Morphing.m in Sources */ = {isa = PBXBuildFile; fileRef = ECF998BC1C1D576A005DCEE2 /* NSString+Morphing.m */; };
		ECF998C21C1D576A005DCEE2 /* TOMSMorphingLabel.m in Sources */ = {isa = PBXBuildFile; fileRef = ECF998BE1C1D576A005DCEE2 /* TOMSMorphingLabel.m */; };
		ECF998C31C1D576A005DCEE2 /* LICENSE in Resources */ = {isa = PBXBuildFile; fileRef = ECF998BF1C1D576A005DCEE2 /* LICENSE */; };
		ECF998C41C1D576A005DCEE2 /* README.md in Sources */ = {isa = PBXBuildFile; fileRef = ECF998C01C1D576A005DCEE2 /* README.md */; };
/* End PBXBuildFile section */

/* Begin PBXContainerItemProxy section */
		ECD0F4371C16F73400262128 /* PBXContainerItemProxy */ = {
			isa = PBXContainerItemProxy;
			containerPortal = ECD0F41A1C16F73400262128 /* Project object */;
			proxyType = 1;
			remoteGlobalIDString = ECD0F4211C16F73400262128;
			remoteInfo = MalayalamKeyboard;
		};
		ECD0F4421C16F73400262128 /* PBXContainerItemProxy */ = {
			isa = PBXContainerItemProxy;
			containerPortal = ECD0F41A1C16F73400262128 /* Project object */;
			proxyType = 1;
			remoteGlobalIDString = ECD0F4211C16F73400262128;
			remoteInfo = MalayalamKeyboard;
		};
		ECD0F45C1C16F7E200262128 /* PBXContainerItemProxy */ = {
			isa = PBXContainerItemProxy;
			containerPortal = ECD0F41A1C16F73400262128 /* Project object */;
			proxyType = 1;
			remoteGlobalIDString = ECD0F4561C16F7E200262128;
			remoteInfo = Manglish;
		};
/* End PBXContainerItemProxy section */

/* Begin PBXCopyFilesBuildPhase section */
		ECD0F4621C16F7E300262128 /* Embed App Extensions */ = {
			isa = PBXCopyFilesBuildPhase;
			buildActionMask = 2147483647;
			dstPath = "";
			dstSubfolderSpec = 13;
			files = (
				ECD0F45E1C16F7E200262128 /* Manglish.appex in Embed App Extensions */,
			);
			name = "Embed App Extensions";
			runOnlyForDeploymentPostprocessing = 0;
		};
/* End PBXCopyFilesBuildPhase section */

/* Begin PBXFileReference section */
		ECD0F4221C16F73400262128 /* MalayalamKeyboard.app */ = {isa = PBXFileReference; explicitFileType = wrapper.application; includeInIndex = 0; path = MalayalamKeyboard.app; sourceTree = BUILT_PRODUCTS_DIR; };
		ECD0F4251C16F73400262128 /* AppDelegate.swift */ = {isa = PBXFileReference; lastKnownFileType = sourcecode.swift; path = AppDelegate.swift; sourceTree = "<group>"; };
		ECD0F4271C16F73400262128 /* ViewController.swift */ = {isa = PBXFileReference; lastKnownFileType = sourcecode.swift; path = ViewController.swift; sourceTree = "<group>"; };
		ECD0F42A1C16F73400262128 /* Base */ = {isa = PBXFileReference; lastKnownFileType = file.storyboard; name = Base; path = Base.lproj/Main.storyboard; sourceTree = "<group>"; };
		ECD0F42C1C16F73400262128 /* Assets.xcassets */ = {isa = PBXFileReference; lastKnownFileType = folder.assetcatalog; path = Assets.xcassets; sourceTree = "<group>"; };
		ECD0F42F1C16F73400262128 /* Base */ = {isa = PBXFileReference; lastKnownFileType = file.storyboard; name = Base; path = Base.lproj/LaunchScreen.storyboard; sourceTree = "<group>"; };
		ECD0F4311C16F73400262128 /* Info.plist */ = {isa = PBXFileReference; lastKnownFileType = text.plist.xml; path = Info.plist; sourceTree = "<group>"; };
		ECD0F4361C16F73400262128 /* MalayalamKeyboardTests.xctest */ = {isa = PBXFileReference; explicitFileType = wrapper.cfbundle; includeInIndex = 0; path = MalayalamKeyboardTests.xctest; sourceTree = BUILT_PRODUCTS_DIR; };
		ECD0F43A1C16F73400262128 /* MalayalamKeyboardTests.swift */ = {isa = PBXFileReference; lastKnownFileType = sourcecode.swift; path = MalayalamKeyboardTests.swift; sourceTree = "<group>"; };
		ECD0F43C1C16F73400262128 /* Info.plist */ = {isa = PBXFileReference; lastKnownFileType = text.plist.xml; path = Info.plist; sourceTree = "<group>"; };
		ECD0F4411C16F73400262128 /* MalayalamKeyboardUITests.xctest */ = {isa = PBXFileReference; explicitFileType = wrapper.cfbundle; includeInIndex = 0; path = MalayalamKeyboardUITests.xctest; sourceTree = BUILT_PRODUCTS_DIR; };
		ECD0F4451C16F73400262128 /* MalayalamKeyboardUITests.swift */ = {isa = PBXFileReference; lastKnownFileType = sourcecode.swift; path = MalayalamKeyboardUITests.swift; sourceTree = "<group>"; };
		ECD0F4471C16F73400262128 /* Info.plist */ = {isa = PBXFileReference; lastKnownFileType = text.plist.xml; path = Info.plist; sourceTree = "<group>"; };
		ECD0F4571C16F7E200262128 /* Manglish.appex */ = {isa = PBXFileReference; explicitFileType = "wrapper.app-extension"; includeInIndex = 0; path = Manglish.appex; sourceTree = BUILT_PRODUCTS_DIR; };
		ECD0F45B1C16F7E200262128 /* Info.plist */ = {isa = PBXFileReference; lastKnownFileType = text.plist.xml; path = Info.plist; sourceTree = "<group>"; };
		ECD0F4671C170CF800262128 /* Manglish-Bridging-Header.h */ = {isa = PBXFileReference; lastKnownFileType = sourcecode.c.h; path = "Manglish-Bridging-Header.h"; sourceTree = "<group>"; };
		ECD0F4681C170CFB00262128 /* KeyboardViewController.swift */ = {isa = PBXFileReference; fileEncoding = 4; lastKnownFileType = sourcecode.swift; path = KeyboardViewController.swift; sourceTree = "<group>"; };
		ECD0F4691C170CFB00262128 /* KeyboardInputTraits.swift */ = {isa = PBXFileReference; fileEncoding = 4; lastKnownFileType = sourcecode.swift; path = KeyboardInputTraits.swift; sourceTree = "<group>"; };
		ECD0F46A1C170CFB00262128 /* KeyboardLayout.swift */ = {isa = PBXFileReference; fileEncoding = 4; lastKnownFileType = sourcecode.swift; path = KeyboardLayout.swift; sourceTree = "<group>"; };
		ECD0F46B1C170CFB00262128 /* ForwardingView.swift */ = {isa = PBXFileReference; fileEncoding = 4; lastKnownFileType = sourcecode.swift; path = ForwardingView.swift; sourceTree = "<group>"; };
		ECD0F4701C170D0900262128 /* KeyboardModel.swift */ = {isa = PBXFileReference; fileEncoding = 4; lastKnownFileType = sourcecode.swift; path = KeyboardModel.swift; sourceTree = "<group>"; };
		ECD0F4711C170D0900262128 /* DefaultKeyboard.swift */ = {isa = PBXFileReference; fileEncoding = 4; lastKnownFileType = sourcecode.swift; path = DefaultKeyboard.swift; sourceTree = "<group>"; };
		ECD0F4721C170D0900262128 /* DirectionEnum.swift */ = {isa = PBXFileReference; fileEncoding = 4; lastKnownFileType = sourcecode.swift; path = DirectionEnum.swift; sourceTree = "<group>"; };
		ECD0F4761C170D1A00262128 /* KeyboardKey.swift */ = {isa = PBXFileReference; fileEncoding = 4; lastKnownFileType = sourcecode.swift; path = KeyboardKey.swift; sourceTree = "<group>"; };
		ECD0F4771C170D1A00262128 /* ImageKey.swift */ = {isa = PBXFileReference; fileEncoding = 4; lastKnownFileType = sourcecode.swift; path = ImageKey.swift; sourceTree = "<group>"; };
		ECD0F4781C170D1A00262128 /* KeyboardKeyBackground.swift */ = {isa = PBXFileReference; fileEncoding = 4; lastKnownFileType = sourcecode.swift; path = KeyboardKeyBackground.swift; sourceTree = "<group>"; };
		ECD0F4791C170D1A00262128 /* KeyboardConnector.swift */ = {isa = PBXFileReference; fileEncoding = 4; lastKnownFileType = sourcecode.swift; path = KeyboardConnector.swift; sourceTree = "<group>"; };
		ECD0F47A1C170D1A00262128 /* ExtraView.swift */ = {isa = PBXFileReference; fileEncoding = 4; lastKnownFileType = sourcecode.swift; path = ExtraView.swift; sourceTree = "<group>"; };
		ECD0F47B1C170D1A00262128 /* DefaultSettings.swift */ = {isa = PBXFileReference; fileEncoding = 4; lastKnownFileType = sourcecode.swift; path = DefaultSettings.swift; sourceTree = "<group>"; };
		ECD0F47C1C170D1A00262128 /* DefaultSettings.xib */ = {isa = PBXFileReference; fileEncoding = 4; lastKnownFileType = file.xib; path = DefaultSettings.xib; sourceTree = "<group>"; };
		ECD0F47D1C170D1A00262128 /* Shapes.swift */ = {isa = PBXFileReference; fileEncoding = 4; lastKnownFileType = sourcecode.swift; path = Shapes.swift; sourceTree = "<group>"; };
		ECD0F4861C170D2E00262128 /* Utilities.swift */ = {isa = PBXFileReference; fileEncoding = 4; lastKnownFileType = sourcecode.swift; path = Utilities.swift; sourceTree = "<group>"; };
		ECD0F4871C170D2E00262128 /* Catboard.swift */ = {isa = PBXFileReference; fileEncoding = 4; lastKnownFileType = sourcecode.swift; path = Catboard.swift; sourceTree = "<group>"; };
		ECD0F4881C170D2E00262128 /* CatboardBanner.swift */ = {isa = PBXFileReference; fileEncoding = 4; lastKnownFileType = sourcecode.swift; path = CatboardBanner.swift; sourceTree = "<group>"; };
		ECD0F48E1C1754B200262128 /* Media.xcassets */ = {isa = PBXFileReference; lastKnownFileType = folder.assetcatalog; path = Media.xcassets; sourceTree = "<group>"; };
		ECD0F4901C1757AA00262128 /* ManglishKeyboard.swift */ = {isa = PBXFileReference; fileEncoding = 4; lastKnownFileType = sourcecode.swift; path = ManglishKeyboard.swift; sourceTree = "<group>"; };
		ECD0F4941C17610000262128 /* Translator.swift */ = {isa = PBXFileReference; fileEncoding = 4; lastKnownFileType = sourcecode.swift; path = Translator.swift; sourceTree = "<group>"; };
		ECD0F4981C17614400262128 /* mal_words.txt */ = {isa = PBXFileReference; fileEncoding = 4; lastKnownFileType = text; path = mal_words.txt; sourceTree = "<group>"; };
		ECF998A51C1D572C005DCEE2 /* TOMSSuggestionBar.h */ = {isa = PBXFileReference; fileEncoding = 4; lastKnownFileType = sourcecode.c.h; path = TOMSSuggestionBar.h; sourceTree = "<group>"; };
		ECF998A61C1D572C005DCEE2 /* TOMSSuggestionBar.m */ = {isa = PBXFileReference; fileEncoding = 4; lastKnownFileType = sourcecode.c.objc; path = TOMSSuggestionBar.m; sourceTree = "<group>"; };
		ECF998A71C1D572C005DCEE2 /* TOMSSuggestionBarCell.h */ = {isa = PBXFileReference; fileEncoding = 4; lastKnownFileType = sourcecode.c.h; path = TOMSSuggestionBarCell.h; sourceTree = "<group>"; };
		ECF998A81C1D572C005DCEE2 /* TOMSSuggestionBarCell.m */ = {isa = PBXFileReference; fileEncoding = 4; lastKnownFileType = sourcecode.c.objc; path = TOMSSuggestionBarCell.m; sourceTree = "<group>"; };
		ECF998A91C1D572C005DCEE2 /* TOMSSuggestionBarController.h */ = {isa = PBXFileReference; fileEncoding = 4; lastKnownFileType = sourcecode.c.h; path = TOMSSuggestionBarController.h; sourceTree = "<group>"; };
		ECF998AA1C1D572C005DCEE2 /* TOMSSuggestionBarController.m */ = {isa = PBXFileReference; fileEncoding = 4; lastKnownFileType = sourcecode.c.objc; path = TOMSSuggestionBarController.m; sourceTree = "<group>"; };
		ECF998AB1C1D572C005DCEE2 /* TOMSSuggestionBarLayout.h */ = {isa = PBXFileReference; fileEncoding = 4; lastKnownFileType = sourcecode.c.h; path = TOMSSuggestionBarLayout.h; sourceTree = "<group>"; };
		ECF998AC1C1D572C005DCEE2 /* TOMSSuggestionBarLayout.m */ = {isa = PBXFileReference; fileEncoding = 4; lastKnownFileType = sourcecode.c.objc; path = TOMSSuggestionBarLayout.m; sourceTree = "<group>"; };
		ECF998AD1C1D572C005DCEE2 /* TOMSSuggestionBarView.h */ = {isa = PBXFileReference; fileEncoding = 4; lastKnownFileType = sourcecode.c.h; path = TOMSSuggestionBarView.h; sourceTree = "<group>"; };
		ECF998AE1C1D572C005DCEE2 /* TOMSSuggestionBarView.m */ = {isa = PBXFileReference; fileEncoding = 4; lastKnownFileType = sourcecode.c.objc; path = TOMSSuggestionBarView.m; sourceTree = "<group>"; };
		ECF998AF1C1D572C005DCEE2 /* TOMSSuggestionDataSource.h */ = {isa = PBXFileReference; fileEncoding = 4; lastKnownFileType = sourcecode.c.h; path = TOMSSuggestionDataSource.h; sourceTree = "<group>"; };
		ECF998B01C1D572C005DCEE2 /* TOMSSuggestionDelegate.h */ = {isa = PBXFileReference; fileEncoding = 4; lastKnownFileType = sourcecode.c.h; path = TOMSSuggestionDelegate.h; sourceTree = "<group>"; };
		ECF998B11C1D572C005DCEE2 /* UIControl+TOMSSuggestionBar.h */ = {isa = PBXFileReference; fileEncoding = 4; lastKnownFileType = sourcecode.c.h; path = "UIControl+TOMSSuggestionBar.h"; sourceTree = "<group>"; };
		ECF998B21C1D572C005DCEE2 /* UIControl+TOMSSuggestionBar.m */ = {isa = PBXFileReference; fileEncoding = 4; lastKnownFileType = sourcecode.c.objc; path = "UIControl+TOMSSuggestionBar.m"; sourceTree = "<group>"; };
		ECF998BB1C1D576A005DCEE2 /* NSString+Morphing.h */ = {isa = PBXFileReference; fileEncoding = 4; lastKnownFileType = sourcecode.c.h; path = "NSString+Morphing.h"; sourceTree = "<group>"; };
		ECF998BC1C1D576A005DCEE2 /* NSString+Morphing.m */ = {isa = PBXFileReference; fileEncoding = 4; lastKnownFileType = sourcecode.c.objc; path = "NSString+Morphing.m"; sourceTree = "<group>"; };
		ECF998BD1C1D576A005DCEE2 /* TOMSMorphingLabel.h */ = {isa = PBXFileReference; fileEncoding = 4; lastKnownFileType = sourcecode.c.h; path = TOMSMorphingLabel.h; sourceTree = "<group>"; };
		ECF998BE1C1D576A005DCEE2 /* TOMSMorphingLabel.m */ = {isa = PBXFileReference; fileEncoding = 4; lastKnownFileType = sourcecode.c.objc; path = TOMSMorphingLabel.m; sourceTree = "<group>"; };
		ECF998BF1C1D576A005DCEE2 /* LICENSE */ = {isa = PBXFileReference; fileEncoding = 4; lastKnownFileType = text; path = LICENSE; sourceTree = "<group>"; };
		ECF998C01C1D576A005DCEE2 /* README.md */ = {isa = PBXFileReference; fileEncoding = 4; lastKnownFileType = net.daringfireball.markdown; path = README.md; sourceTree = "<group>"; };
/* End PBXFileReference section */

/* Begin PBXFrameworksBuildPhase section */
		ECD0F41F1C16F73400262128 /* Frameworks */ = {
			isa = PBXFrameworksBuildPhase;
			buildActionMask = 2147483647;
			files = (
			);
			runOnlyForDeploymentPostprocessing = 0;
		};
		ECD0F4331C16F73400262128 /* Frameworks */ = {
			isa = PBXFrameworksBuildPhase;
			buildActionMask = 2147483647;
			files = (
			);
			runOnlyForDeploymentPostprocessing = 0;
		};
		ECD0F43E1C16F73400262128 /* Frameworks */ = {
			isa = PBXFrameworksBuildPhase;
			buildActionMask = 2147483647;
			files = (
			);
			runOnlyForDeploymentPostprocessing = 0;
		};
		ECD0F4541C16F7E200262128 /* Frameworks */ = {
			isa = PBXFrameworksBuildPhase;
			buildActionMask = 2147483647;
			files = (
			);
			runOnlyForDeploymentPostprocessing = 0;
		};
/* End PBXFrameworksBuildPhase section */

/* Begin PBXGroup section */
		ECD0F4191C16F73400262128 = {
			isa = PBXGroup;
			children = (
				ECD0F4241C16F73400262128 /* MalayalamKeyboard */,
				ECD0F4391C16F73400262128 /* MalayalamKeyboardTests */,
				ECD0F4441C16F73400262128 /* MalayalamKeyboardUITests */,
				ECD0F4581C16F7E200262128 /* Manglish */,
				ECD0F4231C16F73400262128 /* Products */,
			);
			sourceTree = "<group>";
		};
		ECD0F4231C16F73400262128 /* Products */ = {
			isa = PBXGroup;
			children = (
				ECD0F4221C16F73400262128 /* MalayalamKeyboard.app */,
				ECD0F4361C16F73400262128 /* MalayalamKeyboardTests.xctest */,
				ECD0F4411C16F73400262128 /* MalayalamKeyboardUITests.xctest */,
				ECD0F4571C16F7E200262128 /* Manglish.appex */,
			);
			name = Products;
			sourceTree = "<group>";
		};
		ECD0F4241C16F73400262128 /* MalayalamKeyboard */ = {
			isa = PBXGroup;
			children = (
				ECD0F4251C16F73400262128 /* AppDelegate.swift */,
				ECD0F4271C16F73400262128 /* ViewController.swift */,
				ECD0F4291C16F73400262128 /* Main.storyboard */,
				ECD0F42C1C16F73400262128 /* Assets.xcassets */,
				ECD0F42E1C16F73400262128 /* LaunchScreen.storyboard */,
				ECD0F4311C16F73400262128 /* Info.plist */,
			);
			path = MalayalamKeyboard;
			sourceTree = "<group>";
		};
		ECD0F4391C16F73400262128 /* MalayalamKeyboardTests */ = {
			isa = PBXGroup;
			children = (
				ECD0F43A1C16F73400262128 /* MalayalamKeyboardTests.swift */,
				ECD0F43C1C16F73400262128 /* Info.plist */,
			);
			path = MalayalamKeyboardTests;
			sourceTree = "<group>";
		};
		ECD0F4441C16F73400262128 /* MalayalamKeyboardUITests */ = {
			isa = PBXGroup;
			children = (
				ECD0F4451C16F73400262128 /* MalayalamKeyboardUITests.swift */,
				ECD0F4471C16F73400262128 /* Info.plist */,
			);
			path = MalayalamKeyboardUITests;
			sourceTree = "<group>";
		};
		ECD0F4581C16F7E200262128 /* Manglish */ = {
			isa = PBXGroup;
			children = (
				ECD0F4631C170CD900262128 /* Controller */,
				ECD0F4641C170CD900262128 /* Model */,
				ECD0F4651C170CD900262128 /* Utility */,
				ECD0F4661C170CD900262128 /* Views */,
				ECF998A41C1D572C005DCEE2 /* SuggestionBar */,
				ECF998B91C1D576A005DCEE2 /* TOMSMorphingLabel */,
				ECD0F45B1C16F7E200262128 /* Info.plist */,
				ECD0F4981C17614400262128 /* mal_words.txt */,
				ECD0F48E1C1754B200262128 /* Media.xcassets */,
			);
			path = Manglish;
			sourceTree = "<group>";
		};
		ECD0F4631C170CD900262128 /* Controller */ = {
			isa = PBXGroup;
			children = (
				ECD0F4681C170CFB00262128 /* KeyboardViewController.swift */,
				ECD0F4691C170CFB00262128 /* KeyboardInputTraits.swift */,
				ECD0F46A1C170CFB00262128 /* KeyboardLayout.swift */,
				ECD0F46B1C170CFB00262128 /* ForwardingView.swift */,
				ECD0F4901C1757AA00262128 /* ManglishKeyboard.swift */,
				ECD0F4941C17610000262128 /* Translator.swift */,
				ECD0F4671C170CF800262128 /* Manglish-Bridging-Header.h */,
			);
			path = Controller;
			sourceTree = "<group>";
		};
		ECD0F4641C170CD900262128 /* Model */ = {
			isa = PBXGroup;
			children = (
				ECD0F4701C170D0900262128 /* KeyboardModel.swift */,
				ECD0F4711C170D0900262128 /* DefaultKeyboard.swift */,
				ECD0F4721C170D0900262128 /* DirectionEnum.swift */,
			);
			path = Model;
			sourceTree = "<group>";
		};
		ECD0F4651C170CD900262128 /* Utility */ = {
			isa = PBXGroup;
			children = (
				ECD0F4861C170D2E00262128 /* Utilities.swift */,
				ECD0F4871C170D2E00262128 /* Catboard.swift */,
				ECD0F4881C170D2E00262128 /* CatboardBanner.swift */,
			);
			path = Utility;
			sourceTree = "<group>";
		};
		ECD0F4661C170CD900262128 /* Views */ = {
			isa = PBXGroup;
			children = (
				ECD0F4761C170D1A00262128 /* KeyboardKey.swift */,
				ECD0F4771C170D1A00262128 /* ImageKey.swift */,
				ECD0F4781C170D1A00262128 /* KeyboardKeyBackground.swift */,
				ECD0F4791C170D1A00262128 /* KeyboardConnector.swift */,
				ECD0F47A1C170D1A00262128 /* ExtraView.swift */,
				ECD0F47B1C170D1A00262128 /* DefaultSettings.swift */,
				ECD0F47C1C170D1A00262128 /* DefaultSettings.xib */,
				ECD0F47D1C170D1A00262128 /* Shapes.swift */,
			);
			path = Views;
			sourceTree = "<group>";
		};
		ECF998A41C1D572C005DCEE2 /* SuggestionBar */ = {
			isa = PBXGroup;
			children = (
				ECF998A51C1D572C005DCEE2 /* TOMSSuggestionBar.h */,
				ECF998A61C1D572C005DCEE2 /* TOMSSuggestionBar.m */,
				ECF998A71C1D572C005DCEE2 /* TOMSSuggestionBarCell.h */,
				ECF998A81C1D572C005DCEE2 /* TOMSSuggestionBarCell.m */,
				ECF998A91C1D572C005DCEE2 /* TOMSSuggestionBarController.h */,
				ECF998AA1C1D572C005DCEE2 /* TOMSSuggestionBarController.m */,
				ECF998AB1C1D572C005DCEE2 /* TOMSSuggestionBarLayout.h */,
				ECF998AC1C1D572C005DCEE2 /* TOMSSuggestionBarLayout.m */,
				ECF998AD1C1D572C005DCEE2 /* TOMSSuggestionBarView.h */,
				ECF998AE1C1D572C005DCEE2 /* TOMSSuggestionBarView.m */,
				ECF998AF1C1D572C005DCEE2 /* TOMSSuggestionDataSource.h */,
				ECF998B01C1D572C005DCEE2 /* TOMSSuggestionDelegate.h */,
				ECF998B11C1D572C005DCEE2 /* UIControl+TOMSSuggestionBar.h */,
				ECF998B21C1D572C005DCEE2 /* UIControl+TOMSSuggestionBar.m */,
			);
			path = SuggestionBar;
			sourceTree = "<group>";
		};
		ECF998B91C1D576A005DCEE2 /* TOMSMorphingLabel */ = {
			isa = PBXGroup;
			children = (
				ECF998BA1C1D576A005DCEE2 /* Classes */,
				ECF998BF1C1D576A005DCEE2 /* LICENSE */,
				ECF998C01C1D576A005DCEE2 /* README.md */,
			);
			name = TOMSMorphingLabel;
			path = SuggestionBar/TOMSMorphingLabel;
			sourceTree = "<group>";
		};
		ECF998BA1C1D576A005DCEE2 /* Classes */ = {
			isa = PBXGroup;
			children = (
				ECF998BB1C1D576A005DCEE2 /* NSString+Morphing.h */,
				ECF998BC1C1D576A005DCEE2 /* NSString+Morphing.m */,
				ECF998BD1C1D576A005DCEE2 /* TOMSMorphingLabel.h */,
				ECF998BE1C1D576A005DCEE2 /* TOMSMorphingLabel.m */,
			);
			path = Classes;
			sourceTree = "<group>";
		};
/* End PBXGroup section */

/* Begin PBXNativeTarget section */
		ECD0F4211C16F73400262128 /* MalayalamKeyboard */ = {
			isa = PBXNativeTarget;
			buildConfigurationList = ECD0F44A1C16F73400262128 /* Build configuration list for PBXNativeTarget "MalayalamKeyboard" */;
			buildPhases = (
				ECD0F41E1C16F73400262128 /* Sources */,
				ECD0F41F1C16F73400262128 /* Frameworks */,
				ECD0F4201C16F73400262128 /* Resources */,
				ECD0F4621C16F7E300262128 /* Embed App Extensions */,
			);
			buildRules = (
			);
			dependencies = (
				ECD0F45D1C16F7E200262128 /* PBXTargetDependency */,
			);
			name = MalayalamKeyboard;
			productName = MalayalamKeyboard;
			productReference = ECD0F4221C16F73400262128 /* MalayalamKeyboard.app */;
			productType = "com.apple.product-type.application";
		};
		ECD0F4351C16F73400262128 /* MalayalamKeyboardTests */ = {
			isa = PBXNativeTarget;
			buildConfigurationList = ECD0F44D1C16F73400262128 /* Build configuration list for PBXNativeTarget "MalayalamKeyboardTests" */;
			buildPhases = (
				ECD0F4321C16F73400262128 /* Sources */,
				ECD0F4331C16F73400262128 /* Frameworks */,
				ECD0F4341C16F73400262128 /* Resources */,
			);
			buildRules = (
			);
			dependencies = (
				ECD0F4381C16F73400262128 /* PBXTargetDependency */,
			);
			name = MalayalamKeyboardTests;
			productName = MalayalamKeyboardTests;
			productReference = ECD0F4361C16F73400262128 /* MalayalamKeyboardTests.xctest */;
			productType = "com.apple.product-type.bundle.unit-test";
		};
		ECD0F4401C16F73400262128 /* MalayalamKeyboardUITests */ = {
			isa = PBXNativeTarget;
			buildConfigurationList = ECD0F4501C16F73400262128 /* Build configuration list for PBXNativeTarget "MalayalamKeyboardUITests" */;
			buildPhases = (
				ECD0F43D1C16F73400262128 /* Sources */,
				ECD0F43E1C16F73400262128 /* Frameworks */,
				ECD0F43F1C16F73400262128 /* Resources */,
			);
			buildRules = (
			);
			dependencies = (
				ECD0F4431C16F73400262128 /* PBXTargetDependency */,
			);
			name = MalayalamKeyboardUITests;
			productName = MalayalamKeyboardUITests;
			productReference = ECD0F4411C16F73400262128 /* MalayalamKeyboardUITests.xctest */;
			productType = "com.apple.product-type.bundle.ui-testing";
		};
		ECD0F4561C16F7E200262128 /* Manglish */ = {
			isa = PBXNativeTarget;
			buildConfigurationList = ECD0F45F1C16F7E300262128 /* Build configuration list for PBXNativeTarget "Manglish" */;
			buildPhases = (
				ECD0F4531C16F7E200262128 /* Sources */,
				ECD0F4541C16F7E200262128 /* Frameworks */,
				ECD0F4551C16F7E200262128 /* Resources */,
			);
			buildRules = (
			);
			dependencies = (
			);
			name = Manglish;
			productName = Manglish;
			productReference = ECD0F4571C16F7E200262128 /* Manglish.appex */;
			productType = "com.apple.product-type.app-extension";
		};
/* End PBXNativeTarget section */

/* Begin PBXProject section */
		ECD0F41A1C16F73400262128 /* Project object */ = {
			isa = PBXProject;
			attributes = {
				LastSwiftMigration = 0710;
				LastSwiftUpdateCheck = 0710;
				LastUpgradeCheck = 0710;
				ORGANIZATIONNAME = ABC;
				TargetAttributes = {
					ECD0F4211C16F73400262128 = {
						CreatedOnToolsVersion = 7.1.1;
					};
					ECD0F4351C16F73400262128 = {
						CreatedOnToolsVersion = 7.1.1;
						TestTargetID = ECD0F4211C16F73400262128;
					};
					ECD0F4401C16F73400262128 = {
						CreatedOnToolsVersion = 7.1.1;
						TestTargetID = ECD0F4211C16F73400262128;
					};
					ECD0F4561C16F7E200262128 = {
						CreatedOnToolsVersion = 7.1.1;
					};
				};
			};
			buildConfigurationList = ECD0F41D1C16F73400262128 /* Build configuration list for PBXProject "MalayalamKeyboard" */;
			compatibilityVersion = "Xcode 3.2";
			developmentRegion = English;
			hasScannedForEncodings = 0;
			knownRegions = (
				en,
				Base,
			);
			mainGroup = ECD0F4191C16F73400262128;
			productRefGroup = ECD0F4231C16F73400262128 /* Products */;
			projectDirPath = "";
			projectRoot = "";
			targets = (
				ECD0F4211C16F73400262128 /* MalayalamKeyboard */,
				ECD0F4351C16F73400262128 /* MalayalamKeyboardTests */,
				ECD0F4401C16F73400262128 /* MalayalamKeyboardUITests */,
				ECD0F4561C16F7E200262128 /* Manglish */,
			);
		};
/* End PBXProject section */

/* Begin PBXResourcesBuildPhase section */
		ECD0F4201C16F73400262128 /* Resources */ = {
			isa = PBXResourcesBuildPhase;
			buildActionMask = 2147483647;
			files = (
				ECD0F4301C16F73400262128 /* LaunchScreen.storyboard in Resources */,
				ECD0F42D1C16F73400262128 /* Assets.xcassets in Resources */,
				ECD0F42B1C16F73400262128 /* Main.storyboard in Resources */,
			);
			runOnlyForDeploymentPostprocessing = 0;
		};
		ECD0F4341C16F73400262128 /* Resources */ = {
			isa = PBXResourcesBuildPhase;
			buildActionMask = 2147483647;
			files = (
			);
			runOnlyForDeploymentPostprocessing = 0;
		};
		ECD0F43F1C16F73400262128 /* Resources */ = {
			isa = PBXResourcesBuildPhase;
			buildActionMask = 2147483647;
			files = (
			);
			runOnlyForDeploymentPostprocessing = 0;
		};
		ECD0F4551C16F7E200262128 /* Resources */ = {
			isa = PBXResourcesBuildPhase;
			buildActionMask = 2147483647;
			files = (
				ECD0F48F1C1754B200262128 /* Media.xcassets in Resources */,
				ECD0F4991C17614400262128 /* mal_words.txt in Resources */,
				ECF998C31C1D576A005DCEE2 /* LICENSE in Resources */,
				ECD0F4841C170D1A00262128 /* DefaultSettings.xib in Resources */,
			);
			runOnlyForDeploymentPostprocessing = 0;
		};
/* End PBXResourcesBuildPhase section */

/* Begin PBXSourcesBuildPhase section */
		ECD0F41E1C16F73400262128 /* Sources */ = {
			isa = PBXSourcesBuildPhase;
			buildActionMask = 2147483647;
			files = (
				ECD0F4281C16F73400262128 /* ViewController.swift in Sources */,
				ECD0F4261C16F73400262128 /* AppDelegate.swift in Sources */,
			);
			runOnlyForDeploymentPostprocessing = 0;
		};
		ECD0F4321C16F73400262128 /* Sources */ = {
			isa = PBXSourcesBuildPhase;
			buildActionMask = 2147483647;
			files = (
				ECD0F43B1C16F73400262128 /* MalayalamKeyboardTests.swift in Sources */,
			);
			runOnlyForDeploymentPostprocessing = 0;
		};
		ECD0F43D1C16F73400262128 /* Sources */ = {
			isa = PBXSourcesBuildPhase;
			buildActionMask = 2147483647;
			files = (
				ECD0F4461C16F73400262128 /* MalayalamKeyboardUITests.swift in Sources */,
			);
			runOnlyForDeploymentPostprocessing = 0;
		};
		ECD0F4531C16F7E200262128 /* Sources */ = {
			isa = PBXSourcesBuildPhase;
			buildActionMask = 2147483647;
			files = (
				ECF998B41C1D572C005DCEE2 /* TOMSSuggestionBarCell.m in Sources */,
				ECD0F4731C170D0900262128 /* KeyboardModel.swift in Sources */,
				ECD0F4821C170D1A00262128 /* ExtraView.swift in Sources */,
				ECD0F46E1C170CFC00262128 /* KeyboardLayout.swift in Sources */,
				ECD0F4891C170D2E00262128 /* Utilities.swift in Sources */,
				ECF998C21C1D576A005DCEE2 /* TOMSMorphingLabel.m in Sources */,
				ECD0F48B1C170D2E00262128 /* CatboardBanner.swift in Sources */,
				ECD0F4741C170D0900262128 /* DefaultKeyboard.swift in Sources */,
				ECD0F46F1C170CFC00262128 /* ForwardingView.swift in Sources */,
				ECD0F4951C17610000262128 /* Translator.swift in Sources */,
				ECF998C41C1D576A005DCEE2 /* README.md in Sources */,
				ECD0F47F1C170D1A00262128 /* ImageKey.swift in Sources */,
				ECD0F4751C170D0900262128 /* DirectionEnum.swift in Sources */,
				ECD0F4851C170D1A00262128 /* Shapes.swift in Sources */,
				ECD0F48A1C170D2E00262128 /* Catboard.swift in Sources */,
				ECD0F4811C170D1A00262128 /* KeyboardConnector.swift in Sources */,
				ECF998B61C1D572C005DCEE2 /* TOMSSuggestionBarLayout.m in Sources */,
				ECD0F4831C170D1A00262128 /* DefaultSettings.swift in Sources */,
				ECF998B31C1D572C005DCEE2 /* TOMSSuggestionBar.m in Sources */,
				ECF998C11C1D576A005DCEE2 /* NSString+Morphing.m in Sources */,
				ECF998B51C1D572C005DCEE2 /* TOMSSuggestionBarController.m in Sources */,
				ECD0F46D1C170CFC00262128 /* KeyboardInputTraits.swift in Sources */,
				ECF998B81C1D572C005DCEE2 /* UIControl+TOMSSuggestionBar.m in Sources */,
				ECD0F47E1C170D1A00262128 /* KeyboardKey.swift in Sources */,
				ECD0F4911C1757AA00262128 /* ManglishKeyboard.swift in Sources */,
				ECF998B71C1D572C005DCEE2 /* TOMSSuggestionBarView.m in Sources */,
				ECD0F4801C170D1A00262128 /* KeyboardKeyBackground.swift in Sources */,
				ECD0F46C1C170CFB00262128 /* KeyboardViewController.swift in Sources */,
			);
			runOnlyForDeploymentPostprocessing = 0;
		};
/* End PBXSourcesBuildPhase section */

/* Begin PBXTargetDependency section */
		ECD0F4381C16F73400262128 /* PBXTargetDependency */ = {
			isa = PBXTargetDependency;
			target = ECD0F4211C16F73400262128 /* MalayalamKeyboard */;
			targetProxy = ECD0F4371C16F73400262128 /* PBXContainerItemProxy */;
		};
		ECD0F4431C16F73400262128 /* PBXTargetDependency */ = {
			isa = PBXTargetDependency;
			target = ECD0F4211C16F73400262128 /* MalayalamKeyboard */;
			targetProxy = ECD0F4421C16F73400262128 /* PBXContainerItemProxy */;
		};
		ECD0F45D1C16F7E200262128 /* PBXTargetDependency */ = {
			isa = PBXTargetDependency;
			target = ECD0F4561C16F7E200262128 /* Manglish */;
			targetProxy = ECD0F45C1C16F7E200262128 /* PBXContainerItemProxy */;
		};
/* End PBXTargetDependency section */

/* Begin PBXVariantGroup section */
		ECD0F4291C16F73400262128 /* Main.storyboard */ = {
			isa = PBXVariantGroup;
			children = (
				ECD0F42A1C16F73400262128 /* Base */,
			);
			name = Main.storyboard;
			sourceTree = "<group>";
		};
		ECD0F42E1C16F73400262128 /* LaunchScreen.storyboard */ = {
			isa = PBXVariantGroup;
			children = (
				ECD0F42F1C16F73400262128 /* Base */,
			);
			name = LaunchScreen.storyboard;
			sourceTree = "<group>";
		};
/* End PBXVariantGroup section */

/* Begin XCBuildConfiguration section */
		ECD0F4481C16F73400262128 /* Debug */ = {
			isa = XCBuildConfiguration;
			buildSettings = {
				ALWAYS_SEARCH_USER_PATHS = NO;
				CLANG_CXX_LANGUAGE_STANDARD = "gnu++0x";
				CLANG_CXX_LIBRARY = "libc++";
				CLANG_ENABLE_MODULES = YES;
				CLANG_ENABLE_OBJC_ARC = YES;
				CLANG_WARN_BOOL_CONVERSION = YES;
				CLANG_WARN_CONSTANT_CONVERSION = YES;
				CLANG_WARN_DIRECT_OBJC_ISA_USAGE = YES_ERROR;
				CLANG_WARN_EMPTY_BODY = YES;
				CLANG_WARN_ENUM_CONVERSION = YES;
				CLANG_WARN_INT_CONVERSION = YES;
				CLANG_WARN_OBJC_ROOT_CLASS = YES_ERROR;
				CLANG_WARN_UNREACHABLE_CODE = YES;
				CLANG_WARN__DUPLICATE_METHOD_MATCH = YES;
				"CODE_SIGN_IDENTITY[sdk=iphoneos*]" = "iPhone Developer";
				COPY_PHASE_STRIP = NO;
				DEBUG_INFORMATION_FORMAT = dwarf;
				ENABLE_STRICT_OBJC_MSGSEND = YES;
				ENABLE_TESTABILITY = YES;
				GCC_C_LANGUAGE_STANDARD = gnu99;
				GCC_DYNAMIC_NO_PIC = NO;
				GCC_NO_COMMON_BLOCKS = YES;
				GCC_OPTIMIZATION_LEVEL = 0;
				GCC_PREPROCESSOR_DEFINITIONS = (
					"DEBUG=1",
					"$(inherited)",
				);
				GCC_WARN_64_TO_32_BIT_CONVERSION = YES;
				GCC_WARN_ABOUT_RETURN_TYPE = YES_ERROR;
				GCC_WARN_UNDECLARED_SELECTOR = YES;
				GCC_WARN_UNINITIALIZED_AUTOS = YES_AGGRESSIVE;
				GCC_WARN_UNUSED_FUNCTION = YES;
				GCC_WARN_UNUSED_VARIABLE = YES;
				IPHONEOS_DEPLOYMENT_TARGET = 9.1;
				MTL_ENABLE_DEBUG_INFO = YES;
				ONLY_ACTIVE_ARCH = YES;
				SDKROOT = iphoneos;
				SWIFT_OPTIMIZATION_LEVEL = "-Onone";
			};
			name = Debug;
		};
		ECD0F4491C16F73400262128 /* Release */ = {
			isa = XCBuildConfiguration;
			buildSettings = {
				ALWAYS_SEARCH_USER_PATHS = NO;
				CLANG_CXX_LANGUAGE_STANDARD = "gnu++0x";
				CLANG_CXX_LIBRARY = "libc++";
				CLANG_ENABLE_MODULES = YES;
				CLANG_ENABLE_OBJC_ARC = YES;
				CLANG_WARN_BOOL_CONVERSION = YES;
				CLANG_WARN_CONSTANT_CONVERSION = YES;
				CLANG_WARN_DIRECT_OBJC_ISA_USAGE = YES_ERROR;
				CLANG_WARN_EMPTY_BODY = YES;
				CLANG_WARN_ENUM_CONVERSION = YES;
				CLANG_WARN_INT_CONVERSION = YES;
				CLANG_WARN_OBJC_ROOT_CLASS = YES_ERROR;
				CLANG_WARN_UNREACHABLE_CODE = YES;
				CLANG_WARN__DUPLICATE_METHOD_MATCH = YES;
				"CODE_SIGN_IDENTITY[sdk=iphoneos*]" = "iPhone Developer";
				COPY_PHASE_STRIP = NO;
				DEBUG_INFORMATION_FORMAT = "dwarf-with-dsym";
				ENABLE_NS_ASSERTIONS = NO;
				ENABLE_STRICT_OBJC_MSGSEND = YES;
				GCC_C_LANGUAGE_STANDARD = gnu99;
				GCC_NO_COMMON_BLOCKS = YES;
				GCC_WARN_64_TO_32_BIT_CONVERSION = YES;
				GCC_WARN_ABOUT_RETURN_TYPE = YES_ERROR;
				GCC_WARN_UNDECLARED_SELECTOR = YES;
				GCC_WARN_UNINITIALIZED_AUTOS = YES_AGGRESSIVE;
				GCC_WARN_UNUSED_FUNCTION = YES;
				GCC_WARN_UNUSED_VARIABLE = YES;
				IPHONEOS_DEPLOYMENT_TARGET = 9.1;
				MTL_ENABLE_DEBUG_INFO = NO;
				SDKROOT = iphoneos;
				VALIDATE_PRODUCT = YES;
			};
			name = Release;
		};
		ECD0F44B1C16F73400262128 /* Debug */ = {
			isa = XCBuildConfiguration;
			buildSettings = {
				ASSETCATALOG_COMPILER_APPICON_NAME = AppIcon;
				EMBEDDED_CONTENT_CONTAINS_SWIFT = YES;
				INFOPLIST_FILE = MalayalamKeyboard/Info.plist;
				LD_RUNPATH_SEARCH_PATHS = "$(inherited) @executable_path/Frameworks";
				PRODUCT_BUNDLE_IDENTIFIER = com.abc.MalayalamKeyboard;
				PRODUCT_NAME = "$(TARGET_NAME)";
			};
			name = Debug;
		};
		ECD0F44C1C16F73400262128 /* Release */ = {
			isa = XCBuildConfiguration;
			buildSettings = {
				ASSETCATALOG_COMPILER_APPICON_NAME = AppIcon;
				EMBEDDED_CONTENT_CONTAINS_SWIFT = YES;
				INFOPLIST_FILE = MalayalamKeyboard/Info.plist;
				LD_RUNPATH_SEARCH_PATHS = "$(inherited) @executable_path/Frameworks";
				PRODUCT_BUNDLE_IDENTIFIER = com.abc.MalayalamKeyboard;
				PRODUCT_NAME = "$(TARGET_NAME)";
			};
			name = Release;
		};
		ECD0F44E1C16F73400262128 /* Debug */ = {
			isa = XCBuildConfiguration;
			buildSettings = {
				BUNDLE_LOADER = "$(TEST_HOST)";
				INFOPLIST_FILE = MalayalamKeyboardTests/Info.plist;
				LD_RUNPATH_SEARCH_PATHS = "$(inherited) @executable_path/Frameworks @loader_path/Frameworks";
				PRODUCT_BUNDLE_IDENTIFIER = com.abc.MalayalamKeyboardTests;
				PRODUCT_NAME = "$(TARGET_NAME)";
				TEST_HOST = "$(BUILT_PRODUCTS_DIR)/MalayalamKeyboard.app/MalayalamKeyboard";
			};
			name = Debug;
		};
		ECD0F44F1C16F73400262128 /* Release */ = {
			isa = XCBuildConfiguration;
			buildSettings = {
				BUNDLE_LOADER = "$(TEST_HOST)";
				INFOPLIST_FILE = MalayalamKeyboardTests/Info.plist;
				LD_RUNPATH_SEARCH_PATHS = "$(inherited) @executable_path/Frameworks @loader_path/Frameworks";
				PRODUCT_BUNDLE_IDENTIFIER = com.abc.MalayalamKeyboardTests;
				PRODUCT_NAME = "$(TARGET_NAME)";
				TEST_HOST = "$(BUILT_PRODUCTS_DIR)/MalayalamKeyboard.app/MalayalamKeyboard";
			};
			name = Release;
		};
		ECD0F4511C16F73400262128 /* Debug */ = {
			isa = XCBuildConfiguration;
			buildSettings = {
				INFOPLIST_FILE = MalayalamKeyboardUITests/Info.plist;
				LD_RUNPATH_SEARCH_PATHS = "$(inherited) @executable_path/Frameworks @loader_path/Frameworks";
				PRODUCT_BUNDLE_IDENTIFIER = com.abc.MalayalamKeyboardUITests;
				PRODUCT_NAME = "$(TARGET_NAME)";
				TEST_TARGET_NAME = MalayalamKeyboard;
				USES_XCTRUNNER = YES;
			};
			name = Debug;
		};
		ECD0F4521C16F73400262128 /* Release */ = {
			isa = XCBuildConfiguration;
			buildSettings = {
				INFOPLIST_FILE = MalayalamKeyboardUITests/Info.plist;
				LD_RUNPATH_SEARCH_PATHS = "$(inherited) @executable_path/Frameworks @loader_path/Frameworks";
				PRODUCT_BUNDLE_IDENTIFIER = com.abc.MalayalamKeyboardUITests;
				PRODUCT_NAME = "$(TARGET_NAME)";
				TEST_TARGET_NAME = MalayalamKeyboard;
				USES_XCTRUNNER = YES;
			};
			name = Release;
		};
		ECD0F4601C16F7E300262128 /* Debug */ = {
			isa = XCBuildConfiguration;
			buildSettings = {
				CLANG_ENABLE_MODULES = YES;
				INFOPLIST_FILE = Manglish/Info.plist;
				LD_RUNPATH_SEARCH_PATHS = "$(inherited) @executable_path/Frameworks @executable_path/../../Frameworks";
				PRODUCT_BUNDLE_IDENTIFIER = com.abc.MalayalamKeyboard.Manglish;
				PRODUCT_NAME = "$(TARGET_NAME)";
				SKIP_INSTALL = YES;
				SWIFT_OBJC_BRIDGING_HEADER = "Manglish/Controller/Manglish-Bridging-Header.h";
				SWIFT_OPTIMIZATION_LEVEL = "-Onone";
			};
			name = Debug;
		};
		ECD0F4611C16F7E300262128 /* Release */ = {
			isa = XCBuildConfiguration;
			buildSettings = {
				CLANG_ENABLE_MODULES = YES;
				INFOPLIST_FILE = Manglish/Info.plist;
				LD_RUNPATH_SEARCH_PATHS = "$(inherited) @executable_path/Frameworks @executable_path/../../Frameworks";
				PRODUCT_BUNDLE_IDENTIFIER = com.abc.MalayalamKeyboard.Manglish;
				PRODUCT_NAME = "$(TARGET_NAME)";
				SKIP_INSTALL = YES;
				SWIFT_OBJC_BRIDGING_HEADER = "Manglish/Controller/Manglish-Bridging-Header.h";
			};
			name = Release;
		};
/* End XCBuildConfiguration section */

/* Begin XCConfigurationList section */
		ECD0F41D1C16F73400262128 /* Build configuration list for PBXProject "MalayalamKeyboard" */ = {
			isa = XCConfigurationList;
			buildConfigurations = (
				ECD0F4481C16F73400262128 /* Debug */,
				ECD0F4491C16F73400262128 /* Release */,
			);
			defaultConfigurationIsVisible = 0;
			defaultConfigurationName = Release;
		};
		ECD0F44A1C16F73400262128 /* Build configuration list for PBXNativeTarget "MalayalamKeyboard" */ = {
			isa = XCConfigurationList;
			buildConfigurations = (
				ECD0F44B1C16F73400262128 /* Debug */,
				ECD0F44C1C16F73400262128 /* Release */,
			);
			defaultConfigurationIsVisible = 0;
			defaultConfigurationName = Release;
		};
		ECD0F44D1C16F73400262128 /* Build configuration list for PBXNativeTarget "MalayalamKeyboardTests" */ = {
			isa = XCConfigurationList;
			buildConfigurations = (
				ECD0F44E1C16F73400262128 /* Debug */,
				ECD0F44F1C16F73400262128 /* Release */,
			);
			defaultConfigurationIsVisible = 0;
			defaultConfigurationName = Release;
		};
		ECD0F4501C16F73400262128 /* Build configuration list for PBXNativeTarget "MalayalamKeyboardUITests" */ = {
			isa = XCConfigurationList;
			buildConfigurations = (
				ECD0F4511C16F73400262128 /* Debug */,
				ECD0F4521C16F73400262128 /* Release */,
			);
			defaultConfigurationIsVisible = 0;
			defaultConfigurationName = Release;
		};
		ECD0F45F1C16F7E300262128 /* Build configuration list for PBXNativeTarget "Manglish" */ = {
			isa = XCConfigurationList;
			buildConfigurations = (
				ECD0F4601C16F7E300262128 /* Debug */,
				ECD0F4611C16F7E300262128 /* Release */,
			);
			defaultConfigurationIsVisible = 0;
			defaultConfigurationName = Release;
		};
/* End XCConfigurationList section */
	};
	rootObject = ECD0F41A1C16F73400262128 /* Project object */;
}
